// !$*UTF8*$!
{
	archiveVersion = 1;
	classes = {
	};
	objectVersion = 56;
	objects = {

/* Begin PBXBuildFile section */
		B5117EDD2AF1030200850A44 /* ScrollContainer.FocusInfo.swift in Sources */ = {isa = PBXBuildFile; fileRef = B5117EDC2AF1030100850A44 /* ScrollContainer.FocusInfo.swift */; };
		B5117EDF2AF10AF000850A44 /* ZoomScrollable.swift in Sources */ = {isa = PBXBuildFile; fileRef = B5117EDE2AF10AF000850A44 /* ZoomScrollable.swift */; };
		B513BA172AEFDEFE0034B351 /* Suite in Frameworks */ = {isa = PBXBuildFile; productRef = B513BA162AEFDEFE0034B351 /* Suite */; };
		B513BA2A2AEFDF1F0034B351 /* ScrollContainer.swift in Sources */ = {isa = PBXBuildFile; fileRef = B513BA252AEFDF1F0034B351 /* ScrollContainer.swift */; };
		B513BA2B2AEFDF1F0034B351 /* ScrollContainer+Preferences.swift in Sources */ = {isa = PBXBuildFile; fileRef = B513BA262AEFDF1F0034B351 /* ScrollContainer+Preferences.swift */; };
		B513BA2C2AEFDF1F0034B351 /* ScrollContainer.ScrollView.swift in Sources */ = {isa = PBXBuildFile; fileRef = B513BA272AEFDF1F0034B351 /* ScrollContainer.ScrollView.swift */; };
		B513BA2D2AEFDF1F0034B351 /* ScrollContainerReader.swift in Sources */ = {isa = PBXBuildFile; fileRef = B513BA282AEFDF1F0034B351 /* ScrollContainerReader.swift */; };
		B513BA2E2AEFDF1F0034B351 /* ScrollContainer+Coordinator.swift in Sources */ = {isa = PBXBuildFile; fileRef = B513BA292AEFDF1F0034B351 /* ScrollContainer+Coordinator.swift */; };
		B52FB3792AEE7EE00093C8C5 /* ScrollContainerApp.swift in Sources */ = {isa = PBXBuildFile; fileRef = B52FB3782AEE7EE00093C8C5 /* ScrollContainerApp.swift */; };
		B52FB37B2AEE7EE00093C8C5 /* ContentView.swift in Sources */ = {isa = PBXBuildFile; fileRef = B52FB37A2AEE7EE00093C8C5 /* ContentView.swift */; };
		B52FB37D2AEE7EE10093C8C5 /* Assets.xcassets in Resources */ = {isa = PBXBuildFile; fileRef = B52FB37C2AEE7EE10093C8C5 /* Assets.xcassets */; };
		B52FB3802AEE7EE10093C8C5 /* Preview Assets.xcassets in Resources */ = {isa = PBXBuildFile; fileRef = B52FB37F2AEE7EE10093C8C5 /* Preview Assets.xcassets */; };
		B52FB3872AEE7EF30093C8C5 /* GridView.swift in Sources */ = {isa = PBXBuildFile; fileRef = B52FB3862AEE7EF30093C8C5 /* GridView.swift */; };
		B53301E82AEEDF1700C6F471 /* Suite in Frameworks */ = {isa = PBXBuildFile; productRef = B53301E72AEEDF1700C6F471 /* Suite */; };
/* End PBXBuildFile section */

/* Begin PBXFileReference section */
		B5117EDC2AF1030100850A44 /* ScrollContainer.FocusInfo.swift */ = {isa = PBXFileReference; lastKnownFileType = sourcecode.swift; path = ScrollContainer.FocusInfo.swift; sourceTree = "<group>"; };
		B5117EDE2AF10AF000850A44 /* ZoomScrollable.swift */ = {isa = PBXFileReference; lastKnownFileType = sourcecode.swift; path = ZoomScrollable.swift; sourceTree = "<group>"; };
		B513BA252AEFDF1F0034B351 /* ScrollContainer.swift */ = {isa = PBXFileReference; fileEncoding = 4; lastKnownFileType = sourcecode.swift; path = ScrollContainer.swift; sourceTree = "<group>"; };
		B513BA262AEFDF1F0034B351 /* ScrollContainer+Preferences.swift */ = {isa = PBXFileReference; fileEncoding = 4; lastKnownFileType = sourcecode.swift; path = "ScrollContainer+Preferences.swift"; sourceTree = "<group>"; };
		B513BA272AEFDF1F0034B351 /* ScrollContainer.ScrollView.swift */ = {isa = PBXFileReference; fileEncoding = 4; lastKnownFileType = sourcecode.swift; path = ScrollContainer.ScrollView.swift; sourceTree = "<group>"; };
		B513BA282AEFDF1F0034B351 /* ScrollContainerReader.swift */ = {isa = PBXFileReference; fileEncoding = 4; lastKnownFileType = sourcecode.swift; path = ScrollContainerReader.swift; sourceTree = "<group>"; };
		B513BA292AEFDF1F0034B351 /* ScrollContainer+Coordinator.swift */ = {isa = PBXFileReference; fileEncoding = 4; lastKnownFileType = sourcecode.swift; path = "ScrollContainer+Coordinator.swift"; sourceTree = "<group>"; };
		B513BA2F2AEFDF3A0034B351 /* Package.swift */ = {isa = PBXFileReference; fileEncoding = 4; lastKnownFileType = sourcecode.swift; name = Package.swift; path = ../Package.swift; sourceTree = "<group>"; };
		B52FB3752AEE7EE00093C8C5 /* ScrollContainer.app */ = {isa = PBXFileReference; explicitFileType = wrapper.application; includeInIndex = 0; path = ScrollContainer.app; sourceTree = BUILT_PRODUCTS_DIR; };
		B52FB3782AEE7EE00093C8C5 /* ScrollContainerApp.swift */ = {isa = PBXFileReference; lastKnownFileType = sourcecode.swift; path = ScrollContainerApp.swift; sourceTree = "<group>"; };
		B52FB37A2AEE7EE00093C8C5 /* ContentView.swift */ = {isa = PBXFileReference; lastKnownFileType = sourcecode.swift; path = ContentView.swift; sourceTree = "<group>"; };
		B52FB37C2AEE7EE10093C8C5 /* Assets.xcassets */ = {isa = PBXFileReference; lastKnownFileType = folder.assetcatalog; path = Assets.xcassets; sourceTree = "<group>"; };
		B52FB37F2AEE7EE10093C8C5 /* Preview Assets.xcassets */ = {isa = PBXFileReference; lastKnownFileType = folder.assetcatalog; path = "Preview Assets.xcassets"; sourceTree = "<group>"; };
		B52FB3862AEE7EF30093C8C5 /* GridView.swift */ = {isa = PBXFileReference; lastKnownFileType = sourcecode.swift; path = GridView.swift; sourceTree = "<group>"; };
/* End PBXFileReference section */

/* Begin PBXFrameworksBuildPhase section */
		B52FB3722AEE7EE00093C8C5 /* Frameworks */ = {
			isa = PBXFrameworksBuildPhase;
			buildActionMask = 2147483647;
			files = (
				B53301E82AEEDF1700C6F471 /* Suite in Frameworks */,
				B513BA172AEFDEFE0034B351 /* Suite in Frameworks */,
			);
			runOnlyForDeploymentPostprocessing = 0;
		};
/* End PBXFrameworksBuildPhase section */

/* Begin PBXGroup section */
		B513BA242AEFDF1F0034B351 /* ScrollContainer */ = {
			isa = PBXGroup;
			children = (
				B513BA252AEFDF1F0034B351 /* ScrollContainer.swift */,
				B5117EDE2AF10AF000850A44 /* ZoomScrollable.swift */,
				B5117EDC2AF1030100850A44 /* ScrollContainer.FocusInfo.swift */,
				B513BA262AEFDF1F0034B351 /* ScrollContainer+Preferences.swift */,
				B513BA272AEFDF1F0034B351 /* ScrollContainer.ScrollView.swift */,
				B513BA282AEFDF1F0034B351 /* ScrollContainerReader.swift */,
				B513BA292AEFDF1F0034B351 /* ScrollContainer+Coordinator.swift */,
			);
			name = ScrollContainer;
			path = ../../Sources/ScrollContainer;
			sourceTree = "<group>";
		};
		B52FB36C2AEE7EE00093C8C5 = {
			isa = PBXGroup;
			children = (
				B513BA2F2AEFDF3A0034B351 /* Package.swift */,
				B52FB3772AEE7EE00093C8C5 /* ScrollContainer */,
				B52FB3762AEE7EE00093C8C5 /* Products */,
				B53301E62AEEDF1700C6F471 /* Frameworks */,
			);
			sourceTree = "<group>";
		};
		B52FB3762AEE7EE00093C8C5 /* Products */ = {
			isa = PBXGroup;
			children = (
				B52FB3752AEE7EE00093C8C5 /* ScrollContainer.app */,
			);
			name = Products;
			sourceTree = "<group>";
		};
		B52FB3772AEE7EE00093C8C5 /* ScrollContainer */ = {
			isa = PBXGroup;
			children = (
				B52FB3782AEE7EE00093C8C5 /* ScrollContainerApp.swift */,
				B52FB37A2AEE7EE00093C8C5 /* ContentView.swift */,
				B52FB3862AEE7EF30093C8C5 /* GridView.swift */,
				B513BA242AEFDF1F0034B351 /* ScrollContainer */,
				B52FB37C2AEE7EE10093C8C5 /* Assets.xcassets */,
				B52FB37E2AEE7EE10093C8C5 /* Preview Content */,
			);
			path = ScrollContainer;
			sourceTree = "<group>";
		};
		B52FB37E2AEE7EE10093C8C5 /* Preview Content */ = {
			isa = PBXGroup;
			children = (
				B52FB37F2AEE7EE10093C8C5 /* Preview Assets.xcassets */,
			);
			path = "Preview Content";
			sourceTree = "<group>";
		};
		B53301E62AEEDF1700C6F471 /* Frameworks */ = {
			isa = PBXGroup;
			children = (
			);
			name = Frameworks;
			sourceTree = "<group>";
		};
/* End PBXGroup section */

/* Begin PBXNativeTarget section */
		B52FB3742AEE7EE00093C8C5 /* ScrollContainer */ = {
			isa = PBXNativeTarget;
			buildConfigurationList = B52FB3832AEE7EE10093C8C5 /* Build configuration list for PBXNativeTarget "ScrollContainer" */;
			buildPhases = (
				B52FB3712AEE7EE00093C8C5 /* Sources */,
				B52FB3722AEE7EE00093C8C5 /* Frameworks */,
				B52FB3732AEE7EE00093C8C5 /* Resources */,
			);
			buildRules = (
			);
			dependencies = (
			);
			name = ScrollContainer;
			packageProductDependencies = (
				B53301E72AEEDF1700C6F471 /* Suite */,
				B513BA162AEFDEFE0034B351 /* Suite */,
			);
			productName = ScrollContainer;
			productReference = B52FB3752AEE7EE00093C8C5 /* ScrollContainer.app */;
			productType = "com.apple.product-type.application";
		};
/* End PBXNativeTarget section */

/* Begin PBXProject section */
		B52FB36D2AEE7EE00093C8C5 /* Project object */ = {
			isa = PBXProject;
			attributes = {
				BuildIndependentTargetsInParallel = 1;
				LastSwiftUpdateCheck = 1500;
				LastUpgradeCheck = 1500;
				TargetAttributes = {
					B52FB3742AEE7EE00093C8C5 = {
						CreatedOnToolsVersion = 15.0;
					};
				};
			};
			buildConfigurationList = B52FB3702AEE7EE00093C8C5 /* Build configuration list for PBXProject "ScrollContainer" */;
			compatibilityVersion = "Xcode 14.0";
			developmentRegion = en;
			hasScannedForEncodings = 0;
			knownRegions = (
				en,
				Base,
			);
			mainGroup = B52FB36C2AEE7EE00093C8C5;
			packageReferences = (
				B513BA152AEFDEFE0034B351 /* XCRemoteSwiftPackageReference "Suite" */,
			);
			productRefGroup = B52FB3762AEE7EE00093C8C5 /* Products */;
			projectDirPath = "";
			projectRoot = "";
			targets = (
				B52FB3742AEE7EE00093C8C5 /* ScrollContainer */,
			);
		};
/* End PBXProject section */

/* Begin PBXResourcesBuildPhase section */
		B52FB3732AEE7EE00093C8C5 /* Resources */ = {
			isa = PBXResourcesBuildPhase;
			buildActionMask = 2147483647;
			files = (
				B52FB3802AEE7EE10093C8C5 /* Preview Assets.xcassets in Resources */,
				B52FB37D2AEE7EE10093C8C5 /* Assets.xcassets in Resources */,
			);
			runOnlyForDeploymentPostprocessing = 0;
		};
/* End PBXResourcesBuildPhase section */

/* Begin PBXSourcesBuildPhase section */
		B52FB3712AEE7EE00093C8C5 /* Sources */ = {
			isa = PBXSourcesBuildPhase;
			buildActionMask = 2147483647;
			files = (
				B513BA2C2AEFDF1F0034B351 /* ScrollContainer.ScrollView.swift in Sources */,
				B5117EDF2AF10AF000850A44 /* ZoomScrollable.swift in Sources */,
				B52FB37B2AEE7EE00093C8C5 /* ContentView.swift in Sources */,
				B5117EDD2AF1030200850A44 /* ScrollContainer.FocusInfo.swift in Sources */,
				B52FB3872AEE7EF30093C8C5 /* GridView.swift in Sources */,
				B513BA2A2AEFDF1F0034B351 /* ScrollContainer.swift in Sources */,
				B513BA2B2AEFDF1F0034B351 /* ScrollContainer+Preferences.swift in Sources */,
				B52FB3792AEE7EE00093C8C5 /* ScrollContainerApp.swift in Sources */,
				B513BA2D2AEFDF1F0034B351 /* ScrollContainerReader.swift in Sources */,
				B513BA2E2AEFDF1F0034B351 /* ScrollContainer+Coordinator.swift in Sources */,
			);
			runOnlyForDeploymentPostprocessing = 0;
		};
/* End PBXSourcesBuildPhase section */

/* Begin XCBuildConfiguration section */
		B52FB3812AEE7EE10093C8C5 /* Debug */ = {
			isa = XCBuildConfiguration;
			buildSettings = {
				ALWAYS_SEARCH_USER_PATHS = NO;
				ASSETCATALOG_COMPILER_GENERATE_SWIFT_ASSET_SYMBOL_EXTENSIONS = YES;
				CLANG_ANALYZER_NONNULL = YES;
				CLANG_ANALYZER_NUMBER_OBJECT_CONVERSION = YES_AGGRESSIVE;
				CLANG_CXX_LANGUAGE_STANDARD = "gnu++20";
				CLANG_ENABLE_MODULES = YES;
				CLANG_ENABLE_OBJC_ARC = YES;
				CLANG_ENABLE_OBJC_WEAK = YES;
				CLANG_WARN_BLOCK_CAPTURE_AUTORELEASING = YES;
				CLANG_WARN_BOOL_CONVERSION = YES;
				CLANG_WARN_COMMA = YES;
				CLANG_WARN_CONSTANT_CONVERSION = YES;
				CLANG_WARN_DEPRECATED_OBJC_IMPLEMENTATIONS = YES;
				CLANG_WARN_DIRECT_OBJC_ISA_USAGE = YES_ERROR;
				CLANG_WARN_DOCUMENTATION_COMMENTS = YES;
				CLANG_WARN_EMPTY_BODY = YES;
				CLANG_WARN_ENUM_CONVERSION = YES;
				CLANG_WARN_INFINITE_RECURSION = YES;
				CLANG_WARN_INT_CONVERSION = YES;
				CLANG_WARN_NON_LITERAL_NULL_CONVERSION = YES;
				CLANG_WARN_OBJC_IMPLICIT_RETAIN_SELF = YES;
				CLANG_WARN_OBJC_LITERAL_CONVERSION = YES;
				CLANG_WARN_OBJC_ROOT_CLASS = YES_ERROR;
				CLANG_WARN_QUOTED_INCLUDE_IN_FRAMEWORK_HEADER = YES;
				CLANG_WARN_RANGE_LOOP_ANALYSIS = YES;
				CLANG_WARN_STRICT_PROTOTYPES = YES;
				CLANG_WARN_SUSPICIOUS_MOVE = YES;
				CLANG_WARN_UNGUARDED_AVAILABILITY = YES_AGGRESSIVE;
				CLANG_WARN_UNREACHABLE_CODE = YES;
				CLANG_WARN__DUPLICATE_METHOD_MATCH = YES;
				COPY_PHASE_STRIP = NO;
				DEBUG_INFORMATION_FORMAT = dwarf;
				ENABLE_STRICT_OBJC_MSGSEND = YES;
				ENABLE_TESTABILITY = YES;
				ENABLE_USER_SCRIPT_SANDBOXING = YES;
				GCC_C_LANGUAGE_STANDARD = gnu17;
				GCC_DYNAMIC_NO_PIC = NO;
				GCC_NO_COMMON_BLOCKS = YES;
				GCC_OPTIMIZATION_LEVEL = 0;
				GCC_PREPROCESSOR_DEFINITIONS = (
					"DEBUG=1",
					"$(inherited)",
				);
				GCC_WARN_64_TO_32_BIT_CONVERSION = YES;
				GCC_WARN_ABOUT_RETURN_TYPE = YES_ERROR;
				GCC_WARN_UNDECLARED_SELECTOR = YES;
				GCC_WARN_UNINITIALIZED_AUTOS = YES_AGGRESSIVE;
				GCC_WARN_UNUSED_FUNCTION = YES;
				GCC_WARN_UNUSED_VARIABLE = YES;
				IPHONEOS_DEPLOYMENT_TARGET = 17.0;
				LOCALIZATION_PREFERS_STRING_CATALOGS = YES;
				MTL_ENABLE_DEBUG_INFO = INCLUDE_SOURCE;
				MTL_FAST_MATH = YES;
				ONLY_ACTIVE_ARCH = YES;
				SDKROOT = iphoneos;
				SWIFT_ACTIVE_COMPILATION_CONDITIONS = "DEBUG $(inherited)";
				SWIFT_OPTIMIZATION_LEVEL = "-Onone";
			};
			name = Debug;
		};
		B52FB3822AEE7EE10093C8C5 /* Release */ = {
			isa = XCBuildConfiguration;
			buildSettings = {
				ALWAYS_SEARCH_USER_PATHS = NO;
				ASSETCATALOG_COMPILER_GENERATE_SWIFT_ASSET_SYMBOL_EXTENSIONS = YES;
				CLANG_ANALYZER_NONNULL = YES;
				CLANG_ANALYZER_NUMBER_OBJECT_CONVERSION = YES_AGGRESSIVE;
				CLANG_CXX_LANGUAGE_STANDARD = "gnu++20";
				CLANG_ENABLE_MODULES = YES;
				CLANG_ENABLE_OBJC_ARC = YES;
				CLANG_ENABLE_OBJC_WEAK = YES;
				CLANG_WARN_BLOCK_CAPTURE_AUTORELEASING = YES;
				CLANG_WARN_BOOL_CONVERSION = YES;
				CLANG_WARN_COMMA = YES;
				CLANG_WARN_CONSTANT_CONVERSION = YES;
				CLANG_WARN_DEPRECATED_OBJC_IMPLEMENTATIONS = YES;
				CLANG_WARN_DIRECT_OBJC_ISA_USAGE = YES_ERROR;
				CLANG_WARN_DOCUMENTATION_COMMENTS = YES;
				CLANG_WARN_EMPTY_BODY = YES;
				CLANG_WARN_ENUM_CONVERSION = YES;
				CLANG_WARN_INFINITE_RECURSION = YES;
				CLANG_WARN_INT_CONVERSION = YES;
				CLANG_WARN_NON_LITERAL_NULL_CONVERSION = YES;
				CLANG_WARN_OBJC_IMPLICIT_RETAIN_SELF = YES;
				CLANG_WARN_OBJC_LITERAL_CONVERSION = YES;
				CLANG_WARN_OBJC_ROOT_CLASS = YES_ERROR;
				CLANG_WARN_QUOTED_INCLUDE_IN_FRAMEWORK_HEADER = YES;
				CLANG_WARN_RANGE_LOOP_ANALYSIS = YES;
				CLANG_WARN_STRICT_PROTOTYPES = YES;
				CLANG_WARN_SUSPICIOUS_MOVE = YES;
				CLANG_WARN_UNGUARDED_AVAILABILITY = YES_AGGRESSIVE;
				CLANG_WARN_UNREACHABLE_CODE = YES;
				CLANG_WARN__DUPLICATE_METHOD_MATCH = YES;
				COPY_PHASE_STRIP = NO;
				DEBUG_INFORMATION_FORMAT = "dwarf-with-dsym";
				ENABLE_NS_ASSERTIONS = NO;
				ENABLE_STRICT_OBJC_MSGSEND = YES;
				ENABLE_USER_SCRIPT_SANDBOXING = YES;
				GCC_C_LANGUAGE_STANDARD = gnu17;
				GCC_NO_COMMON_BLOCKS = YES;
				GCC_WARN_64_TO_32_BIT_CONVERSION = YES;
				GCC_WARN_ABOUT_RETURN_TYPE = YES_ERROR;
				GCC_WARN_UNDECLARED_SELECTOR = YES;
				GCC_WARN_UNINITIALIZED_AUTOS = YES_AGGRESSIVE;
				GCC_WARN_UNUSED_FUNCTION = YES;
				GCC_WARN_UNUSED_VARIABLE = YES;
				IPHONEOS_DEPLOYMENT_TARGET = 17.0;
				LOCALIZATION_PREFERS_STRING_CATALOGS = YES;
				MTL_ENABLE_DEBUG_INFO = NO;
				MTL_FAST_MATH = YES;
				SDKROOT = iphoneos;
				SWIFT_COMPILATION_MODE = wholemodule;
				VALIDATE_PRODUCT = YES;
			};
			name = Release;
		};
		B52FB3842AEE7EE10093C8C5 /* Debug */ = {
			isa = XCBuildConfiguration;
			buildSettings = {
				ASSETCATALOG_COMPILER_APPICON_NAME = AppIcon;
				ASSETCATALOG_COMPILER_GLOBAL_ACCENT_COLOR_NAME = AccentColor;
				CODE_SIGN_STYLE = Automatic;
				CURRENT_PROJECT_VERSION = 1;
				DEVELOPMENT_ASSET_PATHS = "\"ScrollContainer/Preview Content\"";
				DEVELOPMENT_TEAM = YY6CWUX533;
				ENABLE_PREVIEWS = YES;
				GENERATE_INFOPLIST_FILE = YES;
				INFOPLIST_KEY_UIApplicationSceneManifest_Generation = YES;
				INFOPLIST_KEY_UIApplicationSupportsIndirectInputEvents = YES;
				INFOPLIST_KEY_UILaunchScreen_Generation = YES;
				INFOPLIST_KEY_UISupportedInterfaceOrientations_iPad = "UIInterfaceOrientationPortrait UIInterfaceOrientationPortraitUpsideDown UIInterfaceOrientationLandscapeLeft UIInterfaceOrientationLandscapeRight";
				INFOPLIST_KEY_UISupportedInterfaceOrientations_iPhone = "UIInterfaceOrientationPortrait UIInterfaceOrientationLandscapeLeft UIInterfaceOrientationLandscapeRight";
				LD_RUNPATH_SEARCH_PATHS = (
					"$(inherited)",
					"@executable_path/Frameworks",
				);
				MARKETING_VERSION = 1.0;
				PRODUCT_BUNDLE_IDENTIFIER = com.standalone.ScrollContainer;
				PRODUCT_NAME = "$(TARGET_NAME)";
				SWIFT_EMIT_LOC_STRINGS = YES;
				SWIFT_VERSION = 5.0;
				TARGETED_DEVICE_FAMILY = "1,2";
			};
			name = Debug;
		};
		B52FB3852AEE7EE10093C8C5 /* Release */ = {
			isa = XCBuildConfiguration;
			buildSettings = {
				ASSETCATALOG_COMPILER_APPICON_NAME = AppIcon;
				ASSETCATALOG_COMPILER_GLOBAL_ACCENT_COLOR_NAME = AccentColor;
				CODE_SIGN_STYLE = Automatic;
				CURRENT_PROJECT_VERSION = 1;
				DEVELOPMENT_ASSET_PATHS = "\"ScrollContainer/Preview Content\"";
				DEVELOPMENT_TEAM = YY6CWUX533;
				ENABLE_PREVIEWS = YES;
				GENERATE_INFOPLIST_FILE = YES;
				INFOPLIST_KEY_UIApplicationSceneManifest_Generation = YES;
				INFOPLIST_KEY_UIApplicationSupportsIndirectInputEvents = YES;
				INFOPLIST_KEY_UILaunchScreen_Generation = YES;
				INFOPLIST_KEY_UISupportedInterfaceOrientations_iPad = "UIInterfaceOrientationPortrait UIInterfaceOrientationPortraitUpsideDown UIInterfaceOrientationLandscapeLeft UIInterfaceOrientationLandscapeRight";
				INFOPLIST_KEY_UISupportedInterfaceOrientations_iPhone = "UIInterfaceOrientationPortrait UIInterfaceOrientationLandscapeLeft UIInterfaceOrientationLandscapeRight";
				LD_RUNPATH_SEARCH_PATHS = (
					"$(inherited)",
					"@executable_path/Frameworks",
				);
				MARKETING_VERSION = 1.0;
				PRODUCT_BUNDLE_IDENTIFIER = com.standalone.ScrollContainer;
				PRODUCT_NAME = "$(TARGET_NAME)";
				SWIFT_EMIT_LOC_STRINGS = YES;
				SWIFT_VERSION = 5.0;
				TARGETED_DEVICE_FAMILY = "1,2";
			};
			name = Release;
		};
/* End XCBuildConfiguration section */

/* Begin XCConfigurationList section */
		B52FB3702AEE7EE00093C8C5 /* Build configuration list for PBXProject "ScrollContainer" */ = {
			isa = XCConfigurationList;
			buildConfigurations = (
				B52FB3812AEE7EE10093C8C5 /* Debug */,
				B52FB3822AEE7EE10093C8C5 /* Release */,
			);
			defaultConfigurationIsVisible = 0;
			defaultConfigurationName = Release;
		};
		B52FB3832AEE7EE10093C8C5 /* Build configuration list for PBXNativeTarget "ScrollContainer" */ = {
			isa = XCConfigurationList;
			buildConfigurations = (
				B52FB3842AEE7EE10093C8C5 /* Debug */,
				B52FB3852AEE7EE10093C8C5 /* Release */,
			);
			defaultConfigurationIsVisible = 0;
			defaultConfigurationName = Release;
		};
/* End XCConfigurationList section */

/* Begin XCRemoteSwiftPackageReference section */
		B513BA152AEFDEFE0034B351 /* XCRemoteSwiftPackageReference "Suite" */ = {
			isa = XCRemoteSwiftPackageReference;
			repositoryURL = "https://github.com/bengottlieb/Suite.git";
			requirement = {
				kind = upToNextMajorVersion;
				minimumVersion = 1.0.98;
			};
		};
/* End XCRemoteSwiftPackageReference section */

/* Begin XCSwiftPackageProductDependency section */
		B513BA162AEFDEFE0034B351 /* Suite */ = {
			isa = XCSwiftPackageProductDependency;
			package = B513BA152AEFDEFE0034B351 /* XCRemoteSwiftPackageReference "Suite" */;
			productName = Suite;
		};
		B53301E72AEEDF1700C6F471 /* Suite */ = {
			isa = XCSwiftPackageProductDependency;
			productName = Suite;
		};
/* End XCSwiftPackageProductDependency section */
	};
	rootObject = B52FB36D2AEE7EE00093C8C5 /* Project object */;
}
